// !$*UTF8*$!
{
	archiveVersion = 1;
	classes = {
	};
	objectVersion = 56;
	objects = {

/* Begin PBXBuildFile section */
		DBECAFBA2BF569580061A5A5 /* iQuizApp.swift in Sources */ = {isa = PBXBuildFile; fileRef = DBECAFB92BF569580061A5A5 /* iQuizApp.swift */; };
		DBECAFBC2BF569580061A5A5 /* ContentView.swift in Sources */ = {isa = PBXBuildFile; fileRef = DBECAFBB2BF569580061A5A5 /* ContentView.swift */; };
		DBECAFBE2BF5695A0061A5A5 /* Assets.xcassets in Resources */ = {isa = PBXBuildFile; fileRef = DBECAFBD2BF5695A0061A5A5 /* Assets.xcassets */; };
		DBECAFC12BF5695A0061A5A5 /* Preview Assets.xcassets in Resources */ = {isa = PBXBuildFile; fileRef = DBECAFC02BF5695A0061A5A5 /* Preview Assets.xcassets */; };
		DBECAFCB2BF5695A0061A5A5 /* iQuizTests.swift in Sources */ = {isa = PBXBuildFile; fileRef = DBECAFCA2BF5695A0061A5A5 /* iQuizTests.swift */; };
		DBECAFD52BF5695A0061A5A5 /* iQuizUITests.swift in Sources */ = {isa = PBXBuildFile; fileRef = DBECAFD42BF5695A0061A5A5 /* iQuizUITests.swift */; };
		DBECAFD72BF5695A0061A5A5 /* iQuizUITestsLaunchTests.swift in Sources */ = {isa = PBXBuildFile; fileRef = DBECAFD62BF5695A0061A5A5 /* iQuizUITestsLaunchTests.swift */; };
		DBECAFE42BF6AED80061A5A5 /* QuizView.swift in Sources */ = {isa = PBXBuildFile; fileRef = DBECAFE32BF6AED80061A5A5 /* QuizView.swift */; };
		DBECAFE62BF6B1B80061A5A5 /* SettingView.swift in Sources */ = {isa = PBXBuildFile; fileRef = DBECAFE52BF6B1B80061A5A5 /* SettingView.swift */; };
		DBECAFE82BF71D740061A5A5 /* AnswerView.swift in Sources */ = {isa = PBXBuildFile; fileRef = DBECAFE72BF71D740061A5A5 /* AnswerView.swift */; };
		DBECAFEA2BF8670B0061A5A5 /* SummaryView.swift in Sources */ = {isa = PBXBuildFile; fileRef = DBECAFE92BF8670B0061A5A5 /* SummaryView.swift */; };
/* End PBXBuildFile section */

/* Begin PBXContainerItemProxy section */
		DBECAFC72BF5695A0061A5A5 /* PBXContainerItemProxy */ = {
			isa = PBXContainerItemProxy;
			containerPortal = DBECAFAE2BF569580061A5A5 /* Project object */;
			proxyType = 1;
			remoteGlobalIDString = DBECAFB52BF569580061A5A5;
			remoteInfo = iQuiz;
		};
		DBECAFD12BF5695A0061A5A5 /* PBXContainerItemProxy */ = {
			isa = PBXContainerItemProxy;
			containerPortal = DBECAFAE2BF569580061A5A5 /* Project object */;
			proxyType = 1;
			remoteGlobalIDString = DBECAFB52BF569580061A5A5;
			remoteInfo = iQuiz;
		};
/* End PBXContainerItemProxy section */

/* Begin PBXFileReference section */
		DBECAFB62BF569580061A5A5 /* iQuiz.app */ = {isa = PBXFileReference; explicitFileType = wrapper.application; includeInIndex = 0; path = iQuiz.app; sourceTree = BUILT_PRODUCTS_DIR; };
		DBECAFB92BF569580061A5A5 /* iQuizApp.swift */ = {isa = PBXFileReference; lastKnownFileType = sourcecode.swift; path = iQuizApp.swift; sourceTree = "<group>"; };
		DBECAFBB2BF569580061A5A5 /* ContentView.swift */ = {isa = PBXFileReference; lastKnownFileType = sourcecode.swift; path = ContentView.swift; sourceTree = "<group>"; };
		DBECAFBD2BF5695A0061A5A5 /* Assets.xcassets */ = {isa = PBXFileReference; lastKnownFileType = folder.assetcatalog; path = Assets.xcassets; sourceTree = "<group>"; };
		DBECAFC02BF5695A0061A5A5 /* Preview Assets.xcassets */ = {isa = PBXFileReference; lastKnownFileType = folder.assetcatalog; path = "Preview Assets.xcassets"; sourceTree = "<group>"; };
		DBECAFC62BF5695A0061A5A5 /* iQuizTests.xctest */ = {isa = PBXFileReference; explicitFileType = wrapper.cfbundle; includeInIndex = 0; path = iQuizTests.xctest; sourceTree = BUILT_PRODUCTS_DIR; };
		DBECAFCA2BF5695A0061A5A5 /* iQuizTests.swift */ = {isa = PBXFileReference; lastKnownFileType = sourcecode.swift; path = iQuizTests.swift; sourceTree = "<group>"; };
		DBECAFD02BF5695A0061A5A5 /* iQuizUITests.xctest */ = {isa = PBXFileReference; explicitFileType = wrapper.cfbundle; includeInIndex = 0; path = iQuizUITests.xctest; sourceTree = BUILT_PRODUCTS_DIR; };
		DBECAFD42BF5695A0061A5A5 /* iQuizUITests.swift */ = {isa = PBXFileReference; lastKnownFileType = sourcecode.swift; path = iQuizUITests.swift; sourceTree = "<group>"; };
		DBECAFD62BF5695A0061A5A5 /* iQuizUITestsLaunchTests.swift */ = {isa = PBXFileReference; lastKnownFileType = sourcecode.swift; path = iQuizUITestsLaunchTests.swift; sourceTree = "<group>"; };
		DBECAFE32BF6AED80061A5A5 /* QuizView.swift */ = {isa = PBXFileReference; lastKnownFileType = sourcecode.swift; path = QuizView.swift; sourceTree = "<group>"; };
		DBECAFE52BF6B1B80061A5A5 /* SettingView.swift */ = {isa = PBXFileReference; lastKnownFileType = sourcecode.swift; path = SettingView.swift; sourceTree = "<group>"; };
		DBECAFE72BF71D740061A5A5 /* AnswerView.swift */ = {isa = PBXFileReference; lastKnownFileType = sourcecode.swift; path = AnswerView.swift; sourceTree = "<group>"; };
		DBECAFE92BF8670B0061A5A5 /* SummaryView.swift */ = {isa = PBXFileReference; lastKnownFileType = sourcecode.swift; path = SummaryView.swift; sourceTree = "<group>"; };
/* End PBXFileReference section */

/* Begin PBXFrameworksBuildPhase section */
		DBECAFB32BF569580061A5A5 /* Frameworks */ = {
			isa = PBXFrameworksBuildPhase;
			buildActionMask = 2147483647;
			files = (
			);
			runOnlyForDeploymentPostprocessing = 0;
		};
		DBECAFC32BF5695A0061A5A5 /* Frameworks */ = {
			isa = PBXFrameworksBuildPhase;
			buildActionMask = 2147483647;
			files = (
			);
			runOnlyForDeploymentPostprocessing = 0;
		};
		DBECAFCD2BF5695A0061A5A5 /* Frameworks */ = {
			isa = PBXFrameworksBuildPhase;
			buildActionMask = 2147483647;
			files = (
			);
			runOnlyForDeploymentPostprocessing = 0;
		};
/* End PBXFrameworksBuildPhase section */

/* Begin PBXGroup section */
		DBECAFAD2BF569580061A5A5 = {
			isa = PBXGroup;
			children = (
				DBECAFB82BF569580061A5A5 /* iQuiz */,
				DBECAFC92BF5695A0061A5A5 /* iQuizTests */,
				DBECAFD32BF5695A0061A5A5 /* iQuizUITests */,
				DBECAFB72BF569580061A5A5 /* Products */,
			);
			sourceTree = "<group>";
		};
		DBECAFB72BF569580061A5A5 /* Products */ = {
			isa = PBXGroup;
			children = (
				DBECAFB62BF569580061A5A5 /* iQuiz.app */,
				DBECAFC62BF5695A0061A5A5 /* iQuizTests.xctest */,
				DBECAFD02BF5695A0061A5A5 /* iQuizUITests.xctest */,
			);
			name = Products;
			sourceTree = "<group>";
		};
		DBECAFB82BF569580061A5A5 /* iQuiz */ = {
			isa = PBXGroup;
			children = (
				DBECAFB92BF569580061A5A5 /* iQuizApp.swift */,
				DBECAFBB2BF569580061A5A5 /* ContentView.swift */,
				DBECAFE72BF71D740061A5A5 /* AnswerView.swift */,
				DBECAFE92BF8670B0061A5A5 /* SummaryView.swift */,
				DBECAFE52BF6B1B80061A5A5 /* SettingView.swift */,
				DBECAFE32BF6AED80061A5A5 /* QuizView.swift */,
				DBECAFBD2BF5695A0061A5A5 /* Assets.xcassets */,
				DBECAFBF2BF5695A0061A5A5 /* Preview Content */,
			);
			path = iQuiz;
			sourceTree = "<group>";
		};
		DBECAFBF2BF5695A0061A5A5 /* Preview Content */ = {
			isa = PBXGroup;
			children = (
				DBECAFC02BF5695A0061A5A5 /* Preview Assets.xcassets */,
			);
			path = "Preview Content";
			sourceTree = "<group>";
		};
		DBECAFC92BF5695A0061A5A5 /* iQuizTests */ = {
			isa = PBXGroup;
			children = (
				DBECAFCA2BF5695A0061A5A5 /* iQuizTests.swift */,
			);
			path = iQuizTests;
			sourceTree = "<group>";
		};
		DBECAFD32BF5695A0061A5A5 /* iQuizUITests */ = {
			isa = PBXGroup;
			children = (
				DBECAFD42BF5695A0061A5A5 /* iQuizUITests.swift */,
				DBECAFD62BF5695A0061A5A5 /* iQuizUITestsLaunchTests.swift */,
			);
			path = iQuizUITests;
			sourceTree = "<group>";
		};
/* End PBXGroup section */

/* Begin PBXNativeTarget section */
		DBECAFB52BF569580061A5A5 /* iQuiz */ = {
			isa = PBXNativeTarget;
			buildConfigurationList = DBECAFDA2BF5695A0061A5A5 /* Build configuration list for PBXNativeTarget "iQuiz" */;
			buildPhases = (
				DBECAFB22BF569580061A5A5 /* Sources */,
				DBECAFB32BF569580061A5A5 /* Frameworks */,
				DBECAFB42BF569580061A5A5 /* Resources */,
			);
			buildRules = (
			);
			dependencies = (
			);
			name = iQuiz;
			productName = iQuiz;
			productReference = DBECAFB62BF569580061A5A5 /* iQuiz.app */;
			productType = "com.apple.product-type.application";
		};
		DBECAFC52BF5695A0061A5A5 /* iQuizTests */ = {
			isa = PBXNativeTarget;
			buildConfigurationList = DBECAFDD2BF5695A0061A5A5 /* Build configuration list for PBXNativeTarget "iQuizTests" */;
			buildPhases = (
				DBECAFC22BF5695A0061A5A5 /* Sources */,
				DBECAFC32BF5695A0061A5A5 /* Frameworks */,
				DBECAFC42BF5695A0061A5A5 /* Resources */,
			);
			buildRules = (
			);
			dependencies = (
				DBECAFC82BF5695A0061A5A5 /* PBXTargetDependency */,
			);
			name = iQuizTests;
			productName = iQuizTests;
			productReference = DBECAFC62BF5695A0061A5A5 /* iQuizTests.xctest */;
			productType = "com.apple.product-type.bundle.unit-test";
		};
		DBECAFCF2BF5695A0061A5A5 /* iQuizUITests */ = {
			isa = PBXNativeTarget;
			buildConfigurationList = DBECAFE02BF5695A0061A5A5 /* Build configuration list for PBXNativeTarget "iQuizUITests" */;
			buildPhases = (
				DBECAFCC2BF5695A0061A5A5 /* Sources */,
				DBECAFCD2BF5695A0061A5A5 /* Frameworks */,
				DBECAFCE2BF5695A0061A5A5 /* Resources */,
			);
			buildRules = (
			);
			dependencies = (
				DBECAFD22BF5695A0061A5A5 /* PBXTargetDependency */,
			);
			name = iQuizUITests;
			productName = iQuizUITests;
			productReference = DBECAFD02BF5695A0061A5A5 /* iQuizUITests.xctest */;
			productType = "com.apple.product-type.bundle.ui-testing";
		};
/* End PBXNativeTarget section */

/* Begin PBXProject section */
		DBECAFAE2BF569580061A5A5 /* Project object */ = {
			isa = PBXProject;
			attributes = {
				BuildIndependentTargetsInParallel = 1;
				LastSwiftUpdateCheck = 1540;
				LastUpgradeCheck = 1540;
				TargetAttributes = {
					DBECAFB52BF569580061A5A5 = {
						CreatedOnToolsVersion = 15.4;
					};
					DBECAFC52BF5695A0061A5A5 = {
						CreatedOnToolsVersion = 15.4;
						TestTargetID = DBECAFB52BF569580061A5A5;
					};
					DBECAFCF2BF5695A0061A5A5 = {
						CreatedOnToolsVersion = 15.4;
						TestTargetID = DBECAFB52BF569580061A5A5;
					};
				};
			};
			buildConfigurationList = DBECAFB12BF569580061A5A5 /* Build configuration list for PBXProject "iQuiz" */;
			compatibilityVersion = "Xcode 14.0";
			developmentRegion = en;
			hasScannedForEncodings = 0;
			knownRegions = (
				en,
				Base,
			);
			mainGroup = DBECAFAD2BF569580061A5A5;
			productRefGroup = DBECAFB72BF569580061A5A5 /* Products */;
			projectDirPath = "";
			projectRoot = "";
			targets = (
				DBECAFB52BF569580061A5A5 /* iQuiz */,
				DBECAFC52BF5695A0061A5A5 /* iQuizTests */,
				DBECAFCF2BF5695A0061A5A5 /* iQuizUITests */,
			);
		};
/* End PBXProject section */

/* Begin PBXResourcesBuildPhase section */
		DBECAFB42BF569580061A5A5 /* Resources */ = {
			isa = PBXResourcesBuildPhase;
			buildActionMask = 2147483647;
			files = (
				DBECAFC12BF5695A0061A5A5 /* Preview Assets.xcassets in Resources */,
				DBECAFBE2BF5695A0061A5A5 /* Assets.xcassets in Resources */,
			);
			runOnlyForDeploymentPostprocessing = 0;
		};
		DBECAFC42BF5695A0061A5A5 /* Resources */ = {
			isa = PBXResourcesBuildPhase;
			buildActionMask = 2147483647;
			files = (
			);
			runOnlyForDeploymentPostprocessing = 0;
		};
		DBECAFCE2BF5695A0061A5A5 /* Resources */ = {
			isa = PBXResourcesBuildPhase;
			buildActionMask = 2147483647;
			files = (
			);
			runOnlyForDeploymentPostprocessing = 0;
		};
/* End PBXResourcesBuildPhase section */

/* Begin PBXSourcesBuildPhase section */
		DBECAFB22BF569580061A5A5 /* Sources */ = {
			isa = PBXSourcesBuildPhase;
			buildActionMask = 2147483647;
			files = (
				DBECAFBC2BF569580061A5A5 /* ContentView.swift in Sources */,
				DBECAFE62BF6B1B80061A5A5 /* SettingView.swift in Sources */,
				DBECAFE82BF71D740061A5A5 /* AnswerView.swift in Sources */,
				DBECAFBA2BF569580061A5A5 /* iQuizApp.swift in Sources */,
				DBECAFE42BF6AED80061A5A5 /* QuizView.swift in Sources */,
				DBECAFEA2BF8670B0061A5A5 /* SummaryView.swift in Sources */,
			);
			runOnlyForDeploymentPostprocessing = 0;
		};
		DBECAFC22BF5695A0061A5A5 /* Sources */ = {
			isa = PBXSourcesBuildPhase;
			buildActionMask = 2147483647;
			files = (
				DBECAFCB2BF5695A0061A5A5 /* iQuizTests.swift in Sources */,
			);
			runOnlyForDeploymentPostprocessing = 0;
		};
		DBECAFCC2BF5695A0061A5A5 /* Sources */ = {
			isa = PBXSourcesBuildPhase;
			buildActionMask = 2147483647;
			files = (
				DBECAFD52BF5695A0061A5A5 /* iQuizUITests.swift in Sources */,
				DBECAFD72BF5695A0061A5A5 /* iQuizUITestsLaunchTests.swift in Sources */,
			);
			runOnlyForDeploymentPostprocessing = 0;
		};
/* End PBXSourcesBuildPhase section */

/* Begin PBXTargetDependency section */
		DBECAFC82BF5695A0061A5A5 /* PBXTargetDependency */ = {
			isa = PBXTargetDependency;
			target = DBECAFB52BF569580061A5A5 /* iQuiz */;
			targetProxy = DBECAFC72BF5695A0061A5A5 /* PBXContainerItemProxy */;
		};
		DBECAFD22BF5695A0061A5A5 /* PBXTargetDependency */ = {
			isa = PBXTargetDependency;
			target = DBECAFB52BF569580061A5A5 /* iQuiz */;
			targetProxy = DBECAFD12BF5695A0061A5A5 /* PBXContainerItemProxy */;
		};
/* End PBXTargetDependency section */

/* Begin XCBuildConfiguration section */
		DBECAFD82BF5695A0061A5A5 /* Debug */ = {
			isa = XCBuildConfiguration;
			buildSettings = {
				ALWAYS_SEARCH_USER_PATHS = NO;
				ASSETCATALOG_COMPILER_GENERATE_SWIFT_ASSET_SYMBOL_EXTENSIONS = YES;
				CLANG_ANALYZER_NONNULL = YES;
				CLANG_ANALYZER_NUMBER_OBJECT_CONVERSION = YES_AGGRESSIVE;
				CLANG_CXX_LANGUAGE_STANDARD = "gnu++20";
				CLANG_ENABLE_MODULES = YES;
				CLANG_ENABLE_OBJC_ARC = YES;
				CLANG_ENABLE_OBJC_WEAK = YES;
				CLANG_WARN_BLOCK_CAPTURE_AUTORELEASING = YES;
				CLANG_WARN_BOOL_CONVERSION = YES;
				CLANG_WARN_COMMA = YES;
				CLANG_WARN_CONSTANT_CONVERSION = YES;
				CLANG_WARN_DEPRECATED_OBJC_IMPLEMENTATIONS = YES;
				CLANG_WARN_DIRECT_OBJC_ISA_USAGE = YES_ERROR;
				CLANG_WARN_DOCUMENTATION_COMMENTS = YES;
				CLANG_WARN_EMPTY_BODY = YES;
				CLANG_WARN_ENUM_CONVERSION = YES;
				CLANG_WARN_INFINITE_RECURSION = YES;
				CLANG_WARN_INT_CONVERSION = YES;
				CLANG_WARN_NON_LITERAL_NULL_CONVERSION = YES;
				CLANG_WARN_OBJC_IMPLICIT_RETAIN_SELF = YES;
				CLANG_WARN_OBJC_LITERAL_CONVERSION = YES;
				CLANG_WARN_OBJC_ROOT_CLASS = YES_ERROR;
				CLANG_WARN_QUOTED_INCLUDE_IN_FRAMEWORK_HEADER = YES;
				CLANG_WARN_RANGE_LOOP_ANALYSIS = YES;
				CLANG_WARN_STRICT_PROTOTYPES = YES;
				CLANG_WARN_SUSPICIOUS_MOVE = YES;
				CLANG_WARN_UNGUARDED_AVAILABILITY = YES_AGGRESSIVE;
				CLANG_WARN_UNREACHABLE_CODE = YES;
				CLANG_WARN__DUPLICATE_METHOD_MATCH = YES;
				COPY_PHASE_STRIP = NO;
				DEBUG_INFORMATION_FORMAT = dwarf;
				ENABLE_STRICT_OBJC_MSGSEND = YES;
				ENABLE_TESTABILITY = YES;
				ENABLE_USER_SCRIPT_SANDBOXING = YES;
				GCC_C_LANGUAGE_STANDARD = gnu17;
				GCC_DYNAMIC_NO_PIC = NO;
				GCC_NO_COMMON_BLOCKS = YES;
				GCC_OPTIMIZATION_LEVEL = 0;
				GCC_PREPROCESSOR_DEFINITIONS = (
					"DEBUG=1",
					"$(inherited)",
				);
				GCC_WARN_64_TO_32_BIT_CONVERSION = YES;
				GCC_WARN_ABOUT_RETURN_TYPE = YES_ERROR;
				GCC_WARN_UNDECLARED_SELECTOR = YES;
				GCC_WARN_UNINITIALIZED_AUTOS = YES_AGGRESSIVE;
				GCC_WARN_UNUSED_FUNCTION = YES;
				GCC_WARN_UNUSED_VARIABLE = YES;
				IPHONEOS_DEPLOYMENT_TARGET = 17.5;
				LOCALIZATION_PREFERS_STRING_CATALOGS = YES;
				MTL_ENABLE_DEBUG_INFO = INCLUDE_SOURCE;
				MTL_FAST_MATH = YES;
				ONLY_ACTIVE_ARCH = YES;
				SDKROOT = iphoneos;
				SWIFT_ACTIVE_COMPILATION_CONDITIONS = "DEBUG $(inherited)";
				SWIFT_OPTIMIZATION_LEVEL = "-Onone";
			};
			name = Debug;
		};
		DBECAFD92BF5695A0061A5A5 /* Release */ = {
			isa = XCBuildConfiguration;
			buildSettings = {
				ALWAYS_SEARCH_USER_PATHS = NO;
				ASSETCATALOG_COMPILER_GENERATE_SWIFT_ASSET_SYMBOL_EXTENSIONS = YES;
				CLANG_ANALYZER_NONNULL = YES;
				CLANG_ANALYZER_NUMBER_OBJECT_CONVERSION = YES_AGGRESSIVE;
				CLANG_CXX_LANGUAGE_STANDARD = "gnu++20";
				CLANG_ENABLE_MODULES = YES;
				CLANG_ENABLE_OBJC_ARC = YES;
				CLANG_ENABLE_OBJC_WEAK = YES;
				CLANG_WARN_BLOCK_CAPTURE_AUTORELEASING = YES;
				CLANG_WARN_BOOL_CONVERSION = YES;
				CLANG_WARN_COMMA = YES;
				CLANG_WARN_CONSTANT_CONVERSION = YES;
				CLANG_WARN_DEPRECATED_OBJC_IMPLEMENTATIONS = YES;
				CLANG_WARN_DIRECT_OBJC_ISA_USAGE = YES_ERROR;
				CLANG_WARN_DOCUMENTATION_COMMENTS = YES;
				CLANG_WARN_EMPTY_BODY = YES;
				CLANG_WARN_ENUM_CONVERSION = YES;
				CLANG_WARN_INFINITE_RECURSION = YES;
				CLANG_WARN_INT_CONVERSION = YES;
				CLANG_WARN_NON_LITERAL_NULL_CONVERSION = YES;
				CLANG_WARN_OBJC_IMPLICIT_RETAIN_SELF = YES;
				CLANG_WARN_OBJC_LITERAL_CONVERSION = YES;
				CLANG_WARN_OBJC_ROOT_CLASS = YES_ERROR;
				CLANG_WARN_QUOTED_INCLUDE_IN_FRAMEWORK_HEADER = YES;
				CLANG_WARN_RANGE_LOOP_ANALYSIS = YES;
				CLANG_WARN_STRICT_PROTOTYPES = YES;
				CLANG_WARN_SUSPICIOUS_MOVE = YES;
				CLANG_WARN_UNGUARDED_AVAILABILITY = YES_AGGRESSIVE;
				CLANG_WARN_UNREACHABLE_CODE = YES;
				CLANG_WARN__DUPLICATE_METHOD_MATCH = YES;
				COPY_PHASE_STRIP = NO;
				DEBUG_INFORMATION_FORMAT = "dwarf-with-dsym";
				ENABLE_NS_ASSERTIONS = NO;
				ENABLE_STRICT_OBJC_MSGSEND = YES;
				ENABLE_USER_SCRIPT_SANDBOXING = YES;
				GCC_C_LANGUAGE_STANDARD = gnu17;
				GCC_NO_COMMON_BLOCKS = YES;
				GCC_WARN_64_TO_32_BIT_CONVERSION = YES;
				GCC_WARN_ABOUT_RETURN_TYPE = YES_ERROR;
				GCC_WARN_UNDECLARED_SELECTOR = YES;
				GCC_WARN_UNINITIALIZED_AUTOS = YES_AGGRESSIVE;
				GCC_WARN_UNUSED_FUNCTION = YES;
				GCC_WARN_UNUSED_VARIABLE = YES;
				IPHONEOS_DEPLOYMENT_TARGET = 17.5;
				LOCALIZATION_PREFERS_STRING_CATALOGS = YES;
				MTL_ENABLE_DEBUG_INFO = NO;
				MTL_FAST_MATH = YES;
				SDKROOT = iphoneos;
				SWIFT_COMPILATION_MODE = wholemodule;
				VALIDATE_PRODUCT = YES;
			};
			name = Release;
		};
		DBECAFDB2BF5695A0061A5A5 /* Debug */ = {
			isa = XCBuildConfiguration;
			buildSettings = {
				ASSETCATALOG_COMPILER_APPICON_NAME = AppIcon;
				ASSETCATALOG_COMPILER_GLOBAL_ACCENT_COLOR_NAME = AccentColor;
				CODE_SIGN_STYLE = Automatic;
				CURRENT_PROJECT_VERSION = 1;
				DEVELOPMENT_ASSET_PATHS = "\"iQuiz/Preview Content\"";
				ENABLE_PREVIEWS = YES;
				GENERATE_INFOPLIST_FILE = YES;
				INFOPLIST_KEY_UIApplicationSceneManifest_Generation = YES;
				INFOPLIST_KEY_UIApplicationSupportsIndirectInputEvents = YES;
				INFOPLIST_KEY_UILaunchScreen_Generation = YES;
				INFOPLIST_KEY_UISupportedInterfaceOrientations_iPad = "UIInterfaceOrientationPortrait UIInterfaceOrientationPortraitUpsideDown UIInterfaceOrientationLandscapeLeft UIInterfaceOrientationLandscapeRight";
				INFOPLIST_KEY_UISupportedInterfaceOrientations_iPhone = "UIInterfaceOrientationPortrait UIInterfaceOrientationLandscapeLeft UIInterfaceOrientationLandscapeRight";
				LD_RUNPATH_SEARCH_PATHS = (
					"$(inherited)",
					"@executable_path/Frameworks",
				);
				MARKETING_VERSION = 1.0;
				PRODUCT_BUNDLE_IDENTIFIER = edu.uw.ischool.xiangw9.iQuiz;
				PRODUCT_NAME = "$(TARGET_NAME)";
				SWIFT_EMIT_LOC_STRINGS = YES;
				SWIFT_VERSION = 5.0;
				TARGETED_DEVICE_FAMILY = "1,2";
			};
			name = Debug;
		};
		DBECAFDC2BF5695A0061A5A5 /* Release */ = {
			isa = XCBuildConfiguration;
			buildSettings = {
				ASSETCATALOG_COMPILER_APPICON_NAME = AppIcon;
				ASSETCATALOG_COMPILER_GLOBAL_ACCENT_COLOR_NAME = AccentColor;
				CODE_SIGN_STYLE = Automatic;
				CURRENT_PROJECT_VERSION = 1;
				DEVELOPMENT_ASSET_PATHS = "\"iQuiz/Preview Content\"";
				ENABLE_PREVIEWS = YES;
				GENERATE_INFOPLIST_FILE = YES;
				INFOPLIST_KEY_UIApplicationSceneManifest_Generation = YES;
				INFOPLIST_KEY_UIApplicationSupportsIndirectInputEvents = YES;
				INFOPLIST_KEY_UILaunchScreen_Generation = YES;
				INFOPLIST_KEY_UISupportedInterfaceOrientations_iPad = "UIInterfaceOrientationPortrait UIInterfaceOrientationPortraitUpsideDown UIInterfaceOrientationLandscapeLeft UIInterfaceOrientationLandscapeRight";
				INFOPLIST_KEY_UISupportedInterfaceOrientations_iPhone = "UIInterfaceOrientationPortrait UIInterfaceOrientationLandscapeLeft UIInterfaceOrientationLandscapeRight";
				LD_RUNPATH_SEARCH_PATHS = (
					"$(inherited)",
					"@executable_path/Frameworks",
				);
				MARKETING_VERSION = 1.0;
				PRODUCT_BUNDLE_IDENTIFIER = edu.uw.ischool.xiangw9.iQuiz;
				PRODUCT_NAME = "$(TARGET_NAME)";
				SWIFT_EMIT_LOC_STRINGS = YES;
				SWIFT_VERSION = 5.0;
				TARGETED_DEVICE_FAMILY = "1,2";
			};
			name = Release;
		};
		DBECAFDE2BF5695A0061A5A5 /* Debug */ = {
			isa = XCBuildConfiguration;
			buildSettings = {
				ALWAYS_EMBED_SWIFT_STANDARD_LIBRARIES = YES;
				BUNDLE_LOADER = "$(TEST_HOST)";
				CODE_SIGN_STYLE = Automatic;
				CURRENT_PROJECT_VERSION = 1;
				GENERATE_INFOPLIST_FILE = YES;
				IPHONEOS_DEPLOYMENT_TARGET = 17.5;
				MARKETING_VERSION = 1.0;
				PRODUCT_BUNDLE_IDENTIFIER = edu.uw.ischool.xiangw9.iQuizTests;
				PRODUCT_NAME = "$(TARGET_NAME)";
				SWIFT_EMIT_LOC_STRINGS = NO;
				SWIFT_VERSION = 5.0;
				TARGETED_DEVICE_FAMILY = "1,2";
				TEST_HOST = "$(BUILT_PRODUCTS_DIR)/iQuiz.app/$(BUNDLE_EXECUTABLE_FOLDER_PATH)/iQuiz";
			};
			name = Debug;
		};
		DBECAFDF2BF5695A0061A5A5 /* Release */ = {
			isa = XCBuildConfiguration;
			buildSettings = {
				ALWAYS_EMBED_SWIFT_STANDARD_LIBRARIES = YES;
				BUNDLE_LOADER = "$(TEST_HOST)";
				CODE_SIGN_STYLE = Automatic;
				CURRENT_PROJECT_VERSION = 1;
				GENERATE_INFOPLIST_FILE = YES;
				IPHONEOS_DEPLOYMENT_TARGET = 17.5;
				MARKETING_VERSION = 1.0;
				PRODUCT_BUNDLE_IDENTIFIER = edu.uw.ischool.xiangw9.iQuizTests;
				PRODUCT_NAME = "$(TARGET_NAME)";
				SWIFT_EMIT_LOC_STRINGS = NO;
				SWIFT_VERSION = 5.0;
				TARGETED_DEVICE_FAMILY = "1,2";
				TEST_HOST = "$(BUILT_PRODUCTS_DIR)/iQuiz.app/$(BUNDLE_EXECUTABLE_FOLDER_PATH)/iQuiz";
			};
			name = Release;
		};
		DBECAFE12BF5695A0061A5A5 /* Debug */ = {
			isa = XCBuildConfiguration;
			buildSettings = {
				ALWAYS_EMBED_SWIFT_STANDARD_LIBRARIES = YES;
				CODE_SIGN_STYLE = Automatic;
				CURRENT_PROJECT_VERSION = 1;
				GENERATE_INFOPLIST_FILE = YES;
				MARKETING_VERSION = 1.0;
				PRODUCT_BUNDLE_IDENTIFIER = edu.uw.ischool.xiangw9.iQuizUITests;
				PRODUCT_NAME = "$(TARGET_NAME)";
				SWIFT_EMIT_LOC_STRINGS = NO;
				SWIFT_VERSION = 5.0;
				TARGETED_DEVICE_FAMILY = "1,2";
				TEST_TARGET_NAME = iQuiz;
			};
			name = Debug;
		};
		DBECAFE22BF5695A0061A5A5 /* Release */ = {
			isa = XCBuildConfiguration;
			buildSettings = {
				ALWAYS_EMBED_SWIFT_STANDARD_LIBRARIES = YES;
				CODE_SIGN_STYLE = Automatic;
				CURRENT_PROJECT_VERSION = 1;
				GENERATE_INFOPLIST_FILE = YES;
				MARKETING_VERSION = 1.0;
				PRODUCT_BUNDLE_IDENTIFIER = edu.uw.ischool.xiangw9.iQuizUITests;
				PRODUCT_NAME = "$(TARGET_NAME)";
				SWIFT_EMIT_LOC_STRINGS = NO;
				SWIFT_VERSION = 5.0;
				TARGETED_DEVICE_FAMILY = "1,2";
				TEST_TARGET_NAME = iQuiz;
			};
			name = Release;
		};
/* End XCBuildConfiguration section */

/* Begin XCConfigurationList section */
		DBECAFB12BF569580061A5A5 /* Build configuration list for PBXProject "iQuiz" */ = {
			isa = XCConfigurationList;
			buildConfigurations = (
				DBECAFD82BF5695A0061A5A5 /* Debug */,
				DBECAFD92BF5695A0061A5A5 /* Release */,
			);
			defaultConfigurationIsVisible = 0;
			defaultConfigurationName = Release;
		};
		DBECAFDA2BF5695A0061A5A5 /* Build configuration list for PBXNativeTarget "iQuiz" */ = {
			isa = XCConfigurationList;
			buildConfigurations = (
				DBECAFDB2BF5695A0061A5A5 /* Debug */,
				DBECAFDC2BF5695A0061A5A5 /* Release */,
			);
			defaultConfigurationIsVisible = 0;
			defaultConfigurationName = Release;
		};
		DBECAFDD2BF5695A0061A5A5 /* Build configuration list for PBXNativeTarget "iQuizTests" */ = {
			isa = XCConfigurationList;
			buildConfigurations = (
				DBECAFDE2BF5695A0061A5A5 /* Debug */,
				DBECAFDF2BF5695A0061A5A5 /* Release */,
			);
			defaultConfigurationIsVisible = 0;
			defaultConfigurationName = Release;
		};
		DBECAFE02BF5695A0061A5A5 /* Build configuration list for PBXNativeTarget "iQuizUITests" */ = {
			isa = XCConfigurationList;
			buildConfigurations = (
				DBECAFE12BF5695A0061A5A5 /* Debug */,
				DBECAFE22BF5695A0061A5A5 /* Release */,
			);
			defaultConfigurationIsVisible = 0;
			defaultConfigurationName = Release;
		};
/* End XCConfigurationList section */
	};
	rootObject = DBECAFAE2BF569580061A5A5 /* Project object */;
}
